
Microsoft Visual Studio Solution File, Format Version 12.00
# Visual Studio Version 17
VisualStudioVersion = 17.9.34723.18
MinimumVisualStudioVersion = 10.0.40219.1
Project("{FAE04EC0-301F-11D3-BF4B-00C04F79EFBC}") = "Week 8 Junk Notes", "Week 8 Junk Notes.csproj", "{3E09F543-939C-4E19-90D5-640B39070AC7}"
EndProject
Global
	GlobalSection(SolutionConfigurationPlatforms) = preSolution
		Debug|Any CPU = Debug|Any CPU
		Release|Any CPU = Release|Any CPU
	EndGlobalSection
	GlobalSection(ProjectConfigurationPlatforms) = postSolution
		{3E09F543-939C-4E19-90D5-640B39070AC7}.Debug|Any CPU.ActiveCfg = Debug|Any CPU
		{3E09F543-939C-4E19-90D5-640B39070AC7}.Debug|Any CPU.Build.0 = Debug|Any CPU
		{3E09F543-939C-4E19-90D5-640B39070AC7}.Release|Any CPU.ActiveCfg = Release|Any CPU
		{3E09F543-939C-4E19-90D5-640B39070AC7}.Release|Any CPU.Build.0 = Release|Any CPU
	EndGlobalSection
	GlobalSection(SolutionProperties) = preSolution
		HideSolutionNode = FALSE
	EndGlobalSection
	GlobalSection(ExtensibilityGlobals) = postSolution
		SolutionGuid = {559E5C99-0E58-4420-A403-D6A8150A68A4}
	EndGlobalSection
EndGlobal
